
Microsoft Visual Studio Solution File, Format Version 11.00
# Visual C++ Express 2010
Project("{8BC9CEB8-8B4A-11D0-8D11-00A0C91BC942}") = "mbedTLS", "mbedTLS.vcxproj", "{46CF2D25-6A36-4189-B59C-E4815388E554}"
EndProject
Project("{8BC9CEB8-8B4A-11D0-8D11-00A0C91BC942}") = "aescrypt2", "aescrypt2.vcxproj", "{7A851DBD-7D57-E8F4-85E5-CCA72AEA7DF8}"
	ProjectSection(ProjectDependencies) = postProject
		{46CF2D25-6A36-4189-B59C-E4815388E554} = {46CF2D25-6A36-4189-B59C-E4815388E554}
	EndProjectSection
EndProject
Project("{8BC9CEB8-8B4A-11D0-8D11-00A0C91BC942}") = "crypt_and_hash", "crypt_and_hash.vcxproj", "{5DBB9FC3-6FD6-CA8D-E0FA-35F1E75EFAE7}"
	ProjectSection(ProjectDependencies) = postProject
		{46CF2D25-6A36-4189-B59C-E4815388E554} = {46CF2D25-6A36-4189-B59C-E4815388E554}
	EndProjectSection
EndProject
Project("{8BC9CEB8-8B4A-11D0-8D11-00A0C91BC942}") = "hello", "hello.vcxproj", "{B02D4AE1-0218-1CD4-F44E-EFAE19B01B8D}"
	ProjectSection(ProjectDependencies) = postProject
		{46CF2D25-6A36-4189-B59C-E4815388E554} = {46CF2D25-6A36-4189-B59C-E4815388E554}
	EndProjectSection
EndProject
Project("{8BC9CEB8-8B4A-11D0-8D11-00A0C91BC942}") = "generic_sum", "generic_sum.vcxproj", "{D071CCF7-ACA0-21F8-D382-52A759AEA261}"
	ProjectSection(ProjectDependencies) = postProject
		{46CF2D25-6A36-4189-B59C-E4815388E554} = {46CF2D25-6A36-4189-B59C-E4815388E554}
	EndProjectSection
EndProject
Project("{8BC9CEB8-8B4A-11D0-8D11-00A0C91BC942}") = "dh_client", "dh_client.vcxproj", "{4D29BE4A-979C-C5AE-44B5-30FB37D8D4EE}"
	ProjectSection(ProjectDependencies) = postProject
		{46CF2D25-6A36-4189-B59C-E4815388E554} = {46CF2D25-6A36-4189-B59C-E4815388E554}
	EndProjectSection
EndProject
Project("{8BC9CEB8-8B4A-11D0-8D11-00A0C91BC942}") = "dh_genprime", "dh_genprime.vcxproj", "{718960D9-5DA6-7B56-39AD-637E81076C71}"
	ProjectSection(ProjectDependencies) = postProject
		{46CF2D25-6A36-4189-B59C-E4815388E554} = {46CF2D25-6A36-4189-B59C-E4815388E554}
	EndProjectSection
EndProject
Project("{8BC9CEB8-8B4A-11D0-8D11-00A0C91BC942}") = "dh_server", "dh_server.vcxproj", "{8D91B804-E2CE-142D-8E06-FBB037ED1F65}"
	ProjectSection(ProjectDependencies) = postProject
		{46CF2D25-6A36-4189-B59C-E4815388E554} = {46CF2D25-6A36-4189-B59C-E4815388E554}
	EndProjectSection
EndProject
Project("{8BC9CEB8-8B4A-11D0-8D11-00A0C91BC942}") = "ecdh_curve25519", "ecdh_curve25519.vcxproj", "{82EE497E-12CC-7C5B-A072-665678ACB43E}"
	ProjectSection(ProjectDependencies) = postProject
		{46CF2D25-6A36-4189-B59C-E4815388E554} = {46CF2D25-6A36-4189-B59C-E4815388E554}
	EndProjectSection
EndProject
Project("{8BC9CEB8-8B4A-11D0-8D11-00A0C91BC942}") = "ecdsa", "ecdsa.vcxproj", "{F58142CC-0CC7-0B18-5A0F-53642CFBA18E}"
	ProjectSection(ProjectDependencies) = postProject
		{46CF2D25-6A36-4189-B59C-E4815388E554} = {46CF2D25-6A36-4189-B59C-E4815388E554}
	EndProjectSection
EndProject
Project("{8BC9CEB8-8B4A-11D0-8D11-00A0C91BC942}") = "gen_key", "gen_key.vcxproj", "{BF782A50-E9AE-00CC-C28A-C9DA8AAB4D52}"
	ProjectSection(ProjectDependencies) = postProject
		{46CF2D25-6A36-4189-B59C-E4815388E554} = {46CF2D25-6A36-4189-B59C-E4815388E554}
	EndProjectSection
EndProject
Project("{8BC9CEB8-8B4A-11D0-8D11-00A0C91BC942}") = "key_app", "key_app.vcxproj", "{10AE376F-1A70-0297-0216-1FD01AD15D19}"
	ProjectSection(ProjectDependencies) = postProject
		{46CF2D25-6A36-4189-B59C-E4815388E554} = {46CF2D25-6A36-4189-B59C-E4815388E554}
	EndProjectSection
EndProject
Project("{8BC9CEB8-8B4A-11D0-8D11-00A0C91BC942}") = "key_app_writer", "key_app_writer.vcxproj", "{E8ED79F9-8034-1B09-263E-D3F8C4C5C4A8}"
	ProjectSection(ProjectDependencies) = postProject
		{46CF2D25-6A36-4189-B59C-E4815388E554} = {46CF2D25-6A36-4189-B59C-E4815388E554}
	EndProjectSection
EndProject
Project("{8BC9CEB8-8B4A-11D0-8D11-00A0C91BC942}") = "mpi_demo", "mpi_demo.vcxproj", "{A59FAA0B-9C34-1F99-794D-A365A3AA8CCE}"
	ProjectSection(ProjectDependencies) = postProject
		{46CF2D25-6A36-4189-B59C-E4815388E554} = {46CF2D25-6A36-4189-B59C-E4815388E554}
	EndProjectSection
EndProject
Project("{8BC9CEB8-8B4A-11D0-8D11-00A0C91BC942}") = "pk_decrypt", "pk_decrypt.vcxproj", "{1EC6CBA3-6187-D456-D9B7-A35399395D71}"
	ProjectSection(ProjectDependencies) = postProject
		{46CF2D25-6A36-4189-B59C-E4815388E554} = {46CF2D25-6A36-4189-B59C-E4815388E554}
	EndProjectSection
EndProject
Project("{8BC9CEB8-8B4A-11D0-8D11-00A0C91BC942}") = "pk_encrypt", "pk_encrypt.vcxproj", "{55007179-7746-9CFB-97EC-65102FB272C8}"
	ProjectSection(ProjectDependencies) = postProject
		{46CF2D25-6A36-4189-B59C-E4815388E554} = {46CF2D25-6A36-4189-B59C-E4815388E554}
	EndProjectSection
EndProject
Project("{8BC9CEB8-8B4A-11D0-8D11-00A0C91BC942}") = "pk_sign", "pk_sign.vcxproj", "{F2E8CA55-597F-7FDC-6456-D8650FB970A3}"
	ProjectSection(ProjectDependencies) = postProject
		{46CF2D25-6A36-4189-B59C-E4815388E554} = {46CF2D25-6A36-4189-B59C-E4815388E554}
	EndProjectSection
EndProject
Project("{8BC9CEB8-8B4A-11D0-8D11-00A0C91BC942}") = "pk_verify", "pk_verify.vcxproj", "{C429B336-1B30-119C-3B34-21A186D6744F}"
	ProjectSection(ProjectDependencies) = postProject
		{46CF2D25-6A36-4189-B59C-E4815388E554} = {46CF2D25-6A36-4189-B59C-E4815388E554}
	EndProjectSection
EndProject
Project("{8BC9CEB8-8B4A-11D0-8D11-00A0C91BC942}") = "rsa_genkey", "rsa_genkey.vcxproj", "{F472475C-F677-0E7F-F127-45BF5B64F622}"
	ProjectSection(ProjectDependencies) = postProject
		{46CF2D25-6A36-4189-B59C-E4815388E554} = {46CF2D25-6A36-4189-B59C-E4815388E554}
	EndProjectSection
EndProject
Project("{8BC9CEB8-8B4A-11D0-8D11-00A0C91BC942}") = "rsa_decrypt", "rsa_decrypt.vcxproj", "{E0D71D72-8DF4-CCFC-EF60-741EADAB8BF9}"
	ProjectSection(ProjectDependencies) = postProject
		{46CF2D25-6A36-4189-B59C-E4815388E554} = {46CF2D25-6A36-4189-B59C-E4815388E554}
	EndProjectSection
EndProject
Project("{8BC9CEB8-8B4A-11D0-8D11-00A0C91BC942}") = "rsa_encrypt", "rsa_encrypt.vcxproj", "{D06CF12E-F222-9273-41BF-B8A052FA5527}"
	ProjectSection(ProjectDependencies) = postProject
		{46CF2D25-6A36-4189-B59C-E4815388E554} = {46CF2D25-6A36-4189-B59C-E4815388E554}
	EndProjectSection
EndProject
Project("{8BC9CEB8-8B4A-11D0-8D11-00A0C91BC942}") = "rsa_sign", "rsa_sign.vcxproj", "{10790F49-6887-AAB6-2D86-BCBD516F8D26}"
	ProjectSection(ProjectDependencies) = postProject
		{46CF2D25-6A36-4189-B59C-E4815388E554} = {46CF2D25-6A36-4189-B59C-E4815388E554}
	EndProjectSection
EndProject
Project("{8BC9CEB8-8B4A-11D0-8D11-00A0C91BC942}") = "rsa_verify", "rsa_verify.vcxproj", "{689E28CF-89ED-BA38-3A14-78A75D891D46}"
	ProjectSection(ProjectDependencies) = postProject
		{46CF2D25-6A36-4189-B59C-E4815388E554} = {46CF2D25-6A36-4189-B59C-E4815388E554}
	EndProjectSection
EndProject
Project("{8BC9CEB8-8B4A-11D0-8D11-00A0C91BC942}") = "rsa_sign_pss", "rsa_sign_pss.vcxproj", "{DCD3A1B6-5EC1-8266-93EF-BD2B9BEFE12D}"
	ProjectSection(ProjectDependencies) = postProject
		{46CF2D25-6A36-4189-B59C-E4815388E554} = {46CF2D25-6A36-4189-B59C-E4815388E554}
	EndProjectSection
EndProject
Project("{8BC9CEB8-8B4A-11D0-8D11-00A0C91BC942}") = "rsa_verify_pss", "rsa_verify_pss.vcxproj", "{95C50864-854C-2A11-4C91-BCE654E344FB}"
	ProjectSection(ProjectDependencies) = postProject
		{46CF2D25-6A36-4189-B59C-E4815388E554} = {46CF2D25-6A36-4189-B59C-E4815388E554}
	EndProjectSection
EndProject
Project("{8BC9CEB8-8B4A-11D0-8D11-00A0C91BC942}") = "dtls_client", "dtls_client.vcxproj", "{FE7AB78F-DBF1-0721-3522-0D7C3011D2E5}"
	ProjectSection(ProjectDependencies) = postProject
		{46CF2D25-6A36-4189-B59C-E4815388E554} = {46CF2D25-6A36-4189-B59C-E4815388E554}
	EndProjectSection
EndProject
Project("{8BC9CEB8-8B4A-11D0-8D11-00A0C91BC942}") = "dtls_server", "dtls_server.vcxproj", "{BFE89EAA-D98B-34E1-C5A4-4080F6FFE317}"
	ProjectSection(ProjectDependencies) = postProject
		{46CF2D25-6A36-4189-B59C-E4815388E554} = {46CF2D25-6A36-4189-B59C-E4815388E554}
	EndProjectSection
EndProject
Project("{8BC9CEB8-8B4A-11D0-8D11-00A0C91BC942}") = "ssl_client1", "ssl_client1.vcxproj", "{487A2F80-3CA3-678D-88D5-82194872CF08}"
	ProjectSection(ProjectDependencies) = postProject
		{46CF2D25-6A36-4189-B59C-E4815388E554} = {46CF2D25-6A36-4189-B59C-E4815388E554}
	EndProjectSection
EndProject
Project("{8BC9CEB8-8B4A-11D0-8D11-00A0C91BC942}") = "ssl_client2", "ssl_client2.vcxproj", "{4E590E9D-E28F-87FF-385B-D58736388231}"
	ProjectSection(ProjectDependencies) = postProject
		{46CF2D25-6A36-4189-B59C-E4815388E554} = {46CF2D25-6A36-4189-B59C-E4815388E554}
	EndProjectSection
EndProject
Project("{8BC9CEB8-8B4A-11D0-8D11-00A0C91BC942}") = "ssl_server", "ssl_server.vcxproj", "{E08E0065-896A-7487-DEA5-D3B80B71F975}"
	ProjectSection(ProjectDependencies) = postProject
		{46CF2D25-6A36-4189-B59C-E4815388E554} = {46CF2D25-6A36-4189-B59C-E4815388E554}
	EndProjectSection
EndProject
Project("{8BC9CEB8-8B4A-11D0-8D11-00A0C91BC942}") = "ssl_server2", "ssl_server2.vcxproj", "{A4DA7463-1047-BDF5-E1B3-5632CB573F41}"
	ProjectSection(ProjectDependencies) = postProject
		{46CF2D25-6A36-4189-B59C-E4815388E554} = {46CF2D25-6A36-4189-B59C-E4815388E554}
	EndProjectSection
EndProject
Project("{8BC9CEB8-8B4A-11D0-8D11-00A0C91BC942}") = "ssl_fork_server", "ssl_fork_server.vcxproj", "{918CD402-047D-8467-E11C-E1132053F916}"
	ProjectSection(ProjectDependencies) = postProject
		{46CF2D25-6A36-4189-B59C-E4815388E554} = {46CF2D25-6A36-4189-B59C-E4815388E554}
	EndProjectSection
EndProject
Project("{8BC9CEB8-8B4A-11D0-8D11-00A0C91BC942}") = "mini_client", "mini_client.vcxproj", "{C4FE29EA-266D-5295-4840-976B9B5B3843}"
	ProjectSection(ProjectDependencies) = postProject
		{46CF2D25-6A36-4189-B59C-E4815388E554} = {46CF2D25-6A36-4189-B59C-E4815388E554}
	EndProjectSection
EndProject
Project("{8BC9CEB8-8B4A-11D0-8D11-00A0C91BC942}") = "ssl_mail_client", "ssl_mail_client.vcxproj", "{7C4863A1-941A-C5AE-E1F9-30F062E4B2FD}"
	ProjectSection(ProjectDependencies) = postProject
		{46CF2D25-6A36-4189-B59C-E4815388E554} = {46CF2D25-6A36-4189-B59C-E4815388E554}
	EndProjectSection
EndProject
Project("{8BC9CEB8-8B4A-11D0-8D11-00A0C91BC942}") = "gen_entropy", "gen_entropy.vcxproj", "{DE695064-13C3-18B0-378D-8B22672BF3F4}"
	ProjectSection(ProjectDependencies) = postProject
		{46CF2D25-6A36-4189-B59C-E4815388E554} = {46CF2D25-6A36-4189-B59C-E4815388E554}
	EndProjectSection
EndProject
Project("{8BC9CEB8-8B4A-11D0-8D11-00A0C91BC942}") = "gen_random_havege", "gen_random_havege.vcxproj", "{71257802-BBCA-99F5-E9D2-905738F30893}"
	ProjectSection(ProjectDependencies) = postProject
		{46CF2D25-6A36-4189-B59C-E4815388E554} = {46CF2D25-6A36-4189-B59C-E4815388E554}
	EndProjectSection
EndProject
Project("{8BC9CEB8-8B4A-11D0-8D11-00A0C91BC942}") = "gen_random_ctr_drbg", "gen_random_ctr_drbg.vcxproj", "{5FCC71F6-FF33-EBCF-FBA2-8FC783D5318E}"
	ProjectSection(ProjectDependencies) = postProject
		{46CF2D25-6A36-4189-B59C-E4815388E554} = {46CF2D25-6A36-4189-B59C-E4815388E554}
	EndProjectSection
EndProject
Project("{8BC9CEB8-8B4A-11D0-8D11-00A0C91BC942}") = "ssl_cert_test", "ssl_cert_test.vcxproj", "{3FE0C0E1-D9BA-6A26-380C-F293E543B914}"
	ProjectSection(ProjectDependencies) = postProject
		{46CF2D25-6A36-4189-B59C-E4815388E554} = {46CF2D25-6A36-4189-B59C-E4815388E554}
	EndProjectSection
EndProject
Project("{8BC9CEB8-8B4A-11D0-8D11-00A0C91BC942}") = "benchmark", "benchmark.vcxproj", "{90EFD9A4-C6B0-3EE8-1F06-0A0E0D55AEDA}"
	ProjectSection(ProjectDependencies) = postProject
		{46CF2D25-6A36-4189-B59C-E4815388E554} = {46CF2D25-6A36-4189-B59C-E4815388E554}
	EndProjectSection
EndProject
Project("{8BC9CEB8-8B4A-11D0-8D11-00A0C91BC942}") = "selftest", "selftest.vcxproj", "{7DBC5F77-3DA1-5F73-8421-E693D95FC66A}"
	ProjectSection(ProjectDependencies) = postProject
		{46CF2D25-6A36-4189-B59C-E4815388E554} = {46CF2D25-6A36-4189-B59C-E4815388E554}
	EndProjectSection
EndProject
Project("{8BC9CEB8-8B4A-11D0-8D11-00A0C91BC942}") = "udp_proxy", "udp_proxy.vcxproj", "{7E2C80FE-3CC3-82B4-0CAD-65DC233DE13A}"
	ProjectSection(ProjectDependencies) = postProject
		{46CF2D25-6A36-4189-B59C-E4815388E554} = {46CF2D25-6A36-4189-B59C-E4815388E554}
	EndProjectSection
EndProject
Project("{8BC9CEB8-8B4A-11D0-8D11-00A0C91BC942}") = "zeroize", "zeroize.vcxproj", "{10C01E94-4926-063E-9F56-C84ED190D349}"
	ProjectSection(ProjectDependencies) = postProject
		{46CF2D25-6A36-4189-B59C-E4815388E554} = {46CF2D25-6A36-4189-B59C-E4815388E554}
	EndProjectSection
EndProject
Project("{8BC9CEB8-8B4A-11D0-8D11-00A0C91BC942}") = "query_compile_time_config", "query_compile_time_config.vcxproj", "{D6F58AF2-9D80-562A-E2B0-F743281522B9}"
	ProjectSection(ProjectDependencies) = postProject
		{46CF2D25-6A36-4189-B59C-E4815388E554} = {46CF2D25-6A36-4189-B59C-E4815388E554}
	EndProjectSection
EndProject
Project("{8BC9CEB8-8B4A-11D0-8D11-00A0C91BC942}") = "pem2der", "pem2der.vcxproj", "{D3C6FBD6-D78E-7180-8345-5E09B492DBEC}"
	ProjectSection(ProjectDependencies) = postProject
		{46CF2D25-6A36-4189-B59C-E4815388E554} = {46CF2D25-6A36-4189-B59C-E4815388E554}
	EndProjectSection
EndProject
Project("{8BC9CEB8-8B4A-11D0-8D11-00A0C91BC942}") = "strerror", "strerror.vcxproj", "{23EF735C-CC4C-3EC4-A75E-903DB340F04A}"
	ProjectSection(ProjectDependencies) = postProject
		{46CF2D25-6A36-4189-B59C-E4815388E554} = {46CF2D25-6A36-4189-B59C-E4815388E554}
	EndProjectSection
EndProject
Project("{8BC9CEB8-8B4A-11D0-8D11-00A0C91BC942}") = "cert_app", "cert_app.vcxproj", "{D4D691D4-137C-CBFA-735B-D46636D7E4D8}"
	ProjectSection(ProjectDependencies) = postProject
		{46CF2D25-6A36-4189-B59C-E4815388E554} = {46CF2D25-6A36-4189-B59C-E4815388E554}
	EndProjectSection
EndProject
Project("{8BC9CEB8-8B4A-11D0-8D11-00A0C91BC942}") = "crl_app", "crl_app.vcxproj", "{DB904B85-AD31-B7FB-114F-88760CC485F2}"
	ProjectSection(ProjectDependencies) = postProject
		{46CF2D25-6A36-4189-B59C-E4815388E554} = {46CF2D25-6A36-4189-B59C-E4815388E554}
	EndProjectSection
EndProject
Project("{8BC9CEB8-8B4A-11D0-8D11-00A0C91BC942}") = "cert_req", "cert_req.vcxproj", "{C9E2AB15-8AEF-DD48-60C3-557ECC5215BE}"
	ProjectSection(ProjectDependencies) = postProject
		{46CF2D25-6A36-4189-B59C-E4815388E554} = {46CF2D25-6A36-4189-B59C-E4815388E554}
	EndProjectSection
EndProject
Project("{8BC9CEB8-8B4A-11D0-8D11-00A0C91BC942}") = "cert_write", "cert_write.vcxproj", "{35E52E46-3BA9-4361-41D3-53663C2E9B8A}"
	ProjectSection(ProjectDependencies) = postProject
		{46CF2D25-6A36-4189-B59C-E4815388E554} = {46CF2D25-6A36-4189-B59C-E4815388E554}
	EndProjectSection
EndProject
Project("{8BC9CEB8-8B4A-11D0-8D11-00A0C91BC942}") = "req_app", "req_app.vcxproj", "{486B1375-5CFA-C2D2-DD89-C9F497BADCB3}"
	ProjectSection(ProjectDependencies) = postProject
		{46CF2D25-6A36-4189-B59C-E4815388E554} = {46CF2D25-6A36-4189-B59C-E4815388E554}
	EndProjectSection
EndProject
Global
	GlobalSection(SolutionConfigurationPlatforms) = preSolution
		Debug|Win32 = Debug|Win32
		Debug|x64 = Debug|x64
		Release|Win32 = Release|Win32
		Release|x64 = Release|x64
	EndGlobalSection
	GlobalSection(ProjectConfigurationPlatforms) = postSolution
		{46CF2D25-6A36-4189-B59C-E4815388E554}.Debug|Win32.ActiveCfg = Debug|Win32
		{46CF2D25-6A36-4189-B59C-E4815388E554}.Debug|Win32.Build.0 = Debug|Win32
		{46CF2D25-6A36-4189-B59C-E4815388E554}.Debug|x64.ActiveCfg = Debug|x64
		{46CF2D25-6A36-4189-B59C-E4815388E554}.Debug|x64.Build.0 = Debug|x64
		{46CF2D25-6A36-4189-B59C-E4815388E554}.Release|Win32.ActiveCfg = Release|Win32
		{46CF2D25-6A36-4189-B59C-E4815388E554}.Release|Win32.Build.0 = Release|Win32
		{46CF2D25-6A36-4189-B59C-E4815388E554}.Release|x64.ActiveCfg = Release|x64
		{46CF2D25-6A36-4189-B59C-E4815388E554}.Release|x64.Build.0 = Release|x64
		{7A851DBD-7D57-E8F4-85E5-CCA72AEA7DF8}.Debug|Win32.ActiveCfg = Debug|Win32
		{7A851DBD-7D57-E8F4-85E5-CCA72AEA7DF8}.Debug|Win32.Build.0 = Debug|Win32
		{7A851DBD-7D57-E8F4-85E5-CCA72AEA7DF8}.Debug|x64.ActiveCfg = Debug|x64
		{7A851DBD-7D57-E8F4-85E5-CCA72AEA7DF8}.Debug|x64.Build.0 = Debug|x64
		{7A851DBD-7D57-E8F4-85E5-CCA72AEA7DF8}.Release|Win32.ActiveCfg = Release|Win32
		{7A851DBD-7D57-E8F4-85E5-CCA72AEA7DF8}.Release|Win32.Build.0 = Release|Win32
		{7A851DBD-7D57-E8F4-85E5-CCA72AEA7DF8}.Release|x64.ActiveCfg = Release|x64
		{7A851DBD-7D57-E8F4-85E5-CCA72AEA7DF8}.Release|x64.Build.0 = Release|x64
		{5DBB9FC3-6FD6-CA8D-E0FA-35F1E75EFAE7}.Debug|Win32.ActiveCfg = Debug|Win32
		{5DBB9FC3-6FD6-CA8D-E0FA-35F1E75EFAE7}.Debug|Win32.Build.0 = Debug|Win32
		{5DBB9FC3-6FD6-CA8D-E0FA-35F1E75EFAE7}.Debug|x64.ActiveCfg = Debug|x64
		{5DBB9FC3-6FD6-CA8D-E0FA-35F1E75EFAE7}.Debug|x64.Build.0 = Debug|x64
		{5DBB9FC3-6FD6-CA8D-E0FA-35F1E75EFAE7}.Release|Win32.ActiveCfg = Release|Win32
		{5DBB9FC3-6FD6-CA8D-E0FA-35F1E75EFAE7}.Release|Win32.Build.0 = Release|Win32
		{5DBB9FC3-6FD6-CA8D-E0FA-35F1E75EFAE7}.Release|x64.ActiveCfg = Release|x64
		{5DBB9FC3-6FD6-CA8D-E0FA-35F1E75EFAE7}.Release|x64.Build.0 = Release|x64
		{B02D4AE1-0218-1CD4-F44E-EFAE19B01B8D}.Debug|Win32.ActiveCfg = Debug|Win32
		{B02D4AE1-0218-1CD4-F44E-EFAE19B01B8D}.Debug|Win32.Build.0 = Debug|Win32
		{B02D4AE1-0218-1CD4-F44E-EFAE19B01B8D}.Debug|x64.ActiveCfg = Debug|x64
		{B02D4AE1-0218-1CD4-F44E-EFAE19B01B8D}.Debug|x64.Build.0 = Debug|x64
		{B02D4AE1-0218-1CD4-F44E-EFAE19B01B8D}.Release|Win32.ActiveCfg = Release|Win32
		{B02D4AE1-0218-1CD4-F44E-EFAE19B01B8D}.Release|Win32.Build.0 = Release|Win32
		{B02D4AE1-0218-1CD4-F44E-EFAE19B01B8D}.Release|x64.ActiveCfg = Release|x64
		{B02D4AE1-0218-1CD4-F44E-EFAE19B01B8D}.Release|x64.Build.0 = Release|x64
		{D071CCF7-ACA0-21F8-D382-52A759AEA261}.Debug|Win32.ActiveCfg = Debug|Win32
		{D071CCF7-ACA0-21F8-D382-52A759AEA261}.Debug|Win32.Build.0 = Debug|Win32
		{D071CCF7-ACA0-21F8-D382-52A759AEA261}.Debug|x64.ActiveCfg = Debug|x64
		{D071CCF7-ACA0-21F8-D382-52A759AEA261}.Debug|x64.Build.0 = Debug|x64
		{D071CCF7-ACA0-21F8-D382-52A759AEA261}.Release|Win32.ActiveCfg = Release|Win32
		{D071CCF7-ACA0-21F8-D382-52A759AEA261}.Release|Win32.Build.0 = Release|Win32
		{D071CCF7-ACA0-21F8-D382-52A759AEA261}.Release|x64.ActiveCfg = Release|x64
		{D071CCF7-ACA0-21F8-D382-52A759AEA261}.Release|x64.Build.0 = Release|x64
		{4D29BE4A-979C-C5AE-44B5-30FB37D8D4EE}.Debug|Win32.ActiveCfg = Debug|Win32
		{4D29BE4A-979C-C5AE-44B5-30FB37D8D4EE}.Debug|Win32.Build.0 = Debug|Win32
		{4D29BE4A-979C-C5AE-44B5-30FB37D8D4EE}.Debug|x64.ActiveCfg = Debug|x64
		{4D29BE4A-979C-C5AE-44B5-30FB37D8D4EE}.Debug|x64.Build.0 = Debug|x64
		{4D29BE4A-979C-C5AE-44B5-30FB37D8D4EE}.Release|Win32.ActiveCfg = Release|Win32
		{4D29BE4A-979C-C5AE-44B5-30FB37D8D4EE}.Release|Win32.Build.0 = Release|Win32
		{4D29BE4A-979C-C5AE-44B5-30FB37D8D4EE}.Release|x64.ActiveCfg = Release|x64
		{4D29BE4A-979C-C5AE-44B5-30FB37D8D4EE}.Release|x64.Build.0 = Release|x64
		{718960D9-5DA6-7B56-39AD-637E81076C71}.Debug|Win32.ActiveCfg = Debug|Win32
		{718960D9-5DA6-7B56-39AD-637E81076C71}.Debug|Win32.Build.0 = Debug|Win32
		{718960D9-5DA6-7B56-39AD-637E81076C71}.Debug|x64.ActiveCfg = Debug|x64
		{718960D9-5DA6-7B56-39AD-637E81076C71}.Debug|x64.Build.0 = Debug|x64
		{718960D9-5DA6-7B56-39AD-637E81076C71}.Release|Win32.ActiveCfg = Release|Win32
		{718960D9-5DA6-7B56-39AD-637E81076C71}.Release|Win32.Build.0 = Release|Win32
		{718960D9-5DA6-7B56-39AD-637E81076C71}.Release|x64.ActiveCfg = Release|x64
		{718960D9-5DA6-7B56-39AD-637E81076C71}.Release|x64.Build.0 = Release|x64
		{8D91B804-E2CE-142D-8E06-FBB037ED1F65}.Debug|Win32.ActiveCfg = Debug|Win32
		{8D91B804-E2CE-142D-8E06-FBB037ED1F65}.Debug|Win32.Build.0 = Debug|Win32
		{8D91B804-E2CE-142D-8E06-FBB037ED1F65}.Debug|x64.ActiveCfg = Debug|x64
		{8D91B804-E2CE-142D-8E06-FBB037ED1F65}.Debug|x64.Build.0 = Debug|x64
		{8D91B804-E2CE-142D-8E06-FBB037ED1F65}.Release|Win32.ActiveCfg = Release|Win32
		{8D91B804-E2CE-142D-8E06-FBB037ED1F65}.Release|Win32.Build.0 = Release|Win32
		{8D91B804-E2CE-142D-8E06-FBB037ED1F65}.Release|x64.ActiveCfg = Release|x64
		{8D91B804-E2CE-142D-8E06-FBB037ED1F65}.Release|x64.Build.0 = Release|x64
		{82EE497E-12CC-7C5B-A072-665678ACB43E}.Debug|Win32.ActiveCfg = Debug|Win32
		{82EE497E-12CC-7C5B-A072-665678ACB43E}.Debug|Win32.Build.0 = Debug|Win32
		{82EE497E-12CC-7C5B-A072-665678ACB43E}.Debug|x64.ActiveCfg = Debug|x64
		{82EE497E-12CC-7C5B-A072-665678ACB43E}.Debug|x64.Build.0 = Debug|x64
		{82EE497E-12CC-7C5B-A072-665678ACB43E}.Release|Win32.ActiveCfg = Release|Win32
		{82EE497E-12CC-7C5B-A072-665678ACB43E}.Release|Win32.Build.0 = Release|Win32
		{82EE497E-12CC-7C5B-A072-665678ACB43E}.Release|x64.ActiveCfg = Release|x64
		{82EE497E-12CC-7C5B-A072-665678ACB43E}.Release|x64.Build.0 = Release|x64
		{F58142CC-0CC7-0B18-5A0F-53642CFBA18E}.Debug|Win32.ActiveCfg = Debug|Win32
		{F58142CC-0CC7-0B18-5A0F-53642CFBA18E}.Debug|Win32.Build.0 = Debug|Win32
		{F58142CC-0CC7-0B18-5A0F-53642CFBA18E}.Debug|x64.ActiveCfg = Debug|x64
		{F58142CC-0CC7-0B18-5A0F-53642CFBA18E}.Debug|x64.Build.0 = Debug|x64
		{F58142CC-0CC7-0B18-5A0F-53642CFBA18E}.Release|Win32.ActiveCfg = Release|Win32
		{F58142CC-0CC7-0B18-5A0F-53642CFBA18E}.Release|Win32.Build.0 = Release|Win32
		{F58142CC-0CC7-0B18-5A0F-53642CFBA18E}.Release|x64.ActiveCfg = Release|x64
		{F58142CC-0CC7-0B18-5A0F-53642CFBA18E}.Release|x64.Build.0 = Release|x64
		{BF782A50-E9AE-00CC-C28A-C9DA8AAB4D52}.Debug|Win32.ActiveCfg = Debug|Win32
		{BF782A50-E9AE-00CC-C28A-C9DA8AAB4D52}.Debug|Win32.Build.0 = Debug|Win32
		{BF782A50-E9AE-00CC-C28A-C9DA8AAB4D52}.Debug|x64.ActiveCfg = Debug|x64
		{BF782A50-E9AE-00CC-C28A-C9DA8AAB4D52}.Debug|x64.Build.0 = Debug|x64
		{BF782A50-E9AE-00CC-C28A-C9DA8AAB4D52}.Release|Win32.ActiveCfg = Release|Win32
		{BF782A50-E9AE-00CC-C28A-C9DA8AAB4D52}.Release|Win32.Build.0 = Release|Win32
		{BF782A50-E9AE-00CC-C28A-C9DA8AAB4D52}.Release|x64.ActiveCfg = Release|x64
		{BF782A50-E9AE-00CC-C28A-C9DA8AAB4D52}.Release|x64.Build.0 = Release|x64
		{10AE376F-1A70-0297-0216-1FD01AD15D19}.Debug|Win32.ActiveCfg = Debug|Win32
		{10AE376F-1A70-0297-0216-1FD01AD15D19}.Debug|Win32.Build.0 = Debug|Win32
		{10AE376F-1A70-0297-0216-1FD01AD15D19}.Debug|x64.ActiveCfg = Debug|x64
		{10AE376F-1A70-0297-0216-1FD01AD15D19}.Debug|x64.Build.0 = Debug|x64
		{10AE376F-1A70-0297-0216-1FD01AD15D19}.Release|Win32.ActiveCfg = Release|Win32
		{10AE376F-1A70-0297-0216-1FD01AD15D19}.Release|Win32.Build.0 = Release|Win32
		{10AE376F-1A70-0297-0216-1FD01AD15D19}.Release|x64.ActiveCfg = Release|x64
		{10AE376F-1A70-0297-0216-1FD01AD15D19}.Release|x64.Build.0 = Release|x64
		{E8ED79F9-8034-1B09-263E-D3F8C4C5C4A8}.Debug|Win32.ActiveCfg = Debug|Win32
		{E8ED79F9-8034-1B09-263E-D3F8C4C5C4A8}.Debug|Win32.Build.0 = Debug|Win32
		{E8ED79F9-8034-1B09-263E-D3F8C4C5C4A8}.Debug|x64.ActiveCfg = Debug|x64
		{E8ED79F9-8034-1B09-263E-D3F8C4C5C4A8}.Debug|x64.Build.0 = Debug|x64
		{E8ED79F9-8034-1B09-263E-D3F8C4C5C4A8}.Release|Win32.ActiveCfg = Release|Win32
		{E8ED79F9-8034-1B09-263E-D3F8C4C5C4A8}.Release|Win32.Build.0 = Release|Win32
		{E8ED79F9-8034-1B09-263E-D3F8C4C5C4A8}.Release|x64.ActiveCfg = Release|x64
		{E8ED79F9-8034-1B09-263E-D3F8C4C5C4A8}.Release|x64.Build.0 = Release|x64
		{A59FAA0B-9C34-1F99-794D-A365A3AA8CCE}.Debug|Win32.ActiveCfg = Debug|Win32
		{A59FAA0B-9C34-1F99-794D-A365A3AA8CCE}.Debug|Win32.Build.0 = Debug|Win32
		{A59FAA0B-9C34-1F99-794D-A365A3AA8CCE}.Debug|x64.ActiveCfg = Debug|x64
		{A59FAA0B-9C34-1F99-794D-A365A3AA8CCE}.Debug|x64.Build.0 = Debug|x64
		{A59FAA0B-9C34-1F99-794D-A365A3AA8CCE}.Release|Win32.ActiveCfg = Release|Win32
		{A59FAA0B-9C34-1F99-794D-A365A3AA8CCE}.Release|Win32.Build.0 = Release|Win32
		{A59FAA0B-9C34-1F99-794D-A365A3AA8CCE}.Release|x64.ActiveCfg = Release|x64
		{A59FAA0B-9C34-1F99-794D-A365A3AA8CCE}.Release|x64.Build.0 = Release|x64
		{1EC6CBA3-6187-D456-D9B7-A35399395D71}.Debug|Win32.ActiveCfg = Debug|Win32
		{1EC6CBA3-6187-D456-D9B7-A35399395D71}.Debug|Win32.Build.0 = Debug|Win32
		{1EC6CBA3-6187-D456-D9B7-A35399395D71}.Debug|x64.ActiveCfg = Debug|x64
		{1EC6CBA3-6187-D456-D9B7-A35399395D71}.Debug|x64.Build.0 = Debug|x64
		{1EC6CBA3-6187-D456-D9B7-A35399395D71}.Release|Win32.ActiveCfg = Release|Win32
		{1EC6CBA3-6187-D456-D9B7-A35399395D71}.Release|Win32.Build.0 = Release|Win32
		{1EC6CBA3-6187-D456-D9B7-A35399395D71}.Release|x64.ActiveCfg = Release|x64
		{1EC6CBA3-6187-D456-D9B7-A35399395D71}.Release|x64.Build.0 = Release|x64
		{55007179-7746-9CFB-97EC-65102FB272C8}.Debug|Win32.ActiveCfg = Debug|Win32
		{55007179-7746-9CFB-97EC-65102FB272C8}.Debug|Win32.Build.0 = Debug|Win32
		{55007179-7746-9CFB-97EC-65102FB272C8}.Debug|x64.ActiveCfg = Debug|x64
		{55007179-7746-9CFB-97EC-65102FB272C8}.Debug|x64.Build.0 = Debug|x64
		{55007179-7746-9CFB-97EC-65102FB272C8}.Release|Win32.ActiveCfg = Release|Win32
		{55007179-7746-9CFB-97EC-65102FB272C8}.Release|Win32.Build.0 = Release|Win32
		{55007179-7746-9CFB-97EC-65102FB272C8}.Release|x64.ActiveCfg = Release|x64
		{55007179-7746-9CFB-97EC-65102FB272C8}.Release|x64.Build.0 = Release|x64
		{F2E8CA55-597F-7FDC-6456-D8650FB970A3}.Debug|Win32.ActiveCfg = Debug|Win32
		{F2E8CA55-597F-7FDC-6456-D8650FB970A3}.Debug|Win32.Build.0 = Debug|Win32
		{F2E8CA55-597F-7FDC-6456-D8650FB970A3}.Debug|x64.ActiveCfg = Debug|x64
		{F2E8CA55-597F-7FDC-6456-D8650FB970A3}.Debug|x64.Build.0 = Debug|x64
		{F2E8CA55-597F-7FDC-6456-D8650FB970A3}.Release|Win32.ActiveCfg = Release|Win32
		{F2E8CA55-597F-7FDC-6456-D8650FB970A3}.Release|Win32.Build.0 = Release|Win32
		{F2E8CA55-597F-7FDC-6456-D8650FB970A3}.Release|x64.ActiveCfg = Release|x64
		{F2E8CA55-597F-7FDC-6456-D8650FB970A3}.Release|x64.Build.0 = Release|x64
		{C429B336-1B30-119C-3B34-21A186D6744F}.Debug|Win32.ActiveCfg = Debug|Win32
		{C429B336-1B30-119C-3B34-21A186D6744F}.Debug|Win32.Build.0 = Debug|Win32
		{C429B336-1B30-119C-3B34-21A186D6744F}.Debug|x64.ActiveCfg = Debug|x64
		{C429B336-1B30-119C-3B34-21A186D6744F}.Debug|x64.Build.0 = Debug|x64
		{C429B336-1B30-119C-3B34-21A186D6744F}.Release|Win32.ActiveCfg = Release|Win32
		{C429B336-1B30-119C-3B34-21A186D6744F}.Release|Win32.Build.0 = Release|Win32
		{C429B336-1B30-119C-3B34-21A186D6744F}.Release|x64.ActiveCfg = Release|x64
		{C429B336-1B30-119C-3B34-21A186D6744F}.Release|x64.Build.0 = Release|x64
		{F472475C-F677-0E7F-F127-45BF5B64F622}.Debug|Win32.ActiveCfg = Debug|Win32
		{F472475C-F677-0E7F-F127-45BF5B64F622}.Debug|Win32.Build.0 = Debug|Win32
		{F472475C-F677-0E7F-F127-45BF5B64F622}.Debug|x64.ActiveCfg = Debug|x64
		{F472475C-F677-0E7F-F127-45BF5B64F622}.Debug|x64.Build.0 = Debug|x64
		{F472475C-F677-0E7F-F127-45BF5B64F622}.Release|Win32.ActiveCfg = Release|Win32
		{F472475C-F677-0E7F-F127-45BF5B64F622}.Release|Win32.Build.0 = Release|Win32
		{F472475C-F677-0E7F-F127-45BF5B64F622}.Release|x64.ActiveCfg = Release|x64
		{F472475C-F677-0E7F-F127-45BF5B64F622}.Release|x64.Build.0 = Release|x64
		{E0D71D72-8DF4-CCFC-EF60-741EADAB8BF9}.Debug|Win32.ActiveCfg = Debug|Win32
		{E0D71D72-8DF4-CCFC-EF60-741EADAB8BF9}.Debug|Win32.Build.0 = Debug|Win32
		{E0D71D72-8DF4-CCFC-EF60-741EADAB8BF9}.Debug|x64.ActiveCfg = Debug|x64
		{E0D71D72-8DF4-CCFC-EF60-741EADAB8BF9}.Debug|x64.Build.0 = Debug|x64
		{E0D71D72-8DF4-CCFC-EF60-741EADAB8BF9}.Release|Win32.ActiveCfg = Release|Win32
		{E0D71D72-8DF4-CCFC-EF60-741EADAB8BF9}.Release|Win32.Build.0 = Release|Win32
		{E0D71D72-8DF4-CCFC-EF60-741EADAB8BF9}.Release|x64.ActiveCfg = Release|x64
		{E0D71D72-8DF4-CCFC-EF60-741EADAB8BF9}.Release|x64.Build.0 = Release|x64
		{D06CF12E-F222-9273-41BF-B8A052FA5527}.Debug|Win32.ActiveCfg = Debug|Win32
		{D06CF12E-F222-9273-41BF-B8A052FA5527}.Debug|Win32.Build.0 = Debug|Win32
		{D06CF12E-F222-9273-41BF-B8A052FA5527}.Debug|x64.ActiveCfg = Debug|x64
		{D06CF12E-F222-9273-41BF-B8A052FA5527}.Debug|x64.Build.0 = Debug|x64
		{D06CF12E-F222-9273-41BF-B8A052FA5527}.Release|Win32.ActiveCfg = Release|Win32
		{D06CF12E-F222-9273-41BF-B8A052FA5527}.Release|Win32.Build.0 = Release|Win32
		{D06CF12E-F222-9273-41BF-B8A052FA5527}.Release|x64.ActiveCfg = Release|x64
		{D06CF12E-F222-9273-41BF-B8A052FA5527}.Release|x64.Build.0 = Release|x64
		{10790F49-6887-AAB6-2D86-BCBD516F8D26}.Debug|Win32.ActiveCfg = Debug|Win32
		{10790F49-6887-AAB6-2D86-BCBD516F8D26}.Debug|Win32.Build.0 = Debug|Win32
		{10790F49-6887-AAB6-2D86-BCBD516F8D26}.Debug|x64.ActiveCfg = Debug|x64
		{10790F49-6887-AAB6-2D86-BCBD516F8D26}.Debug|x64.Build.0 = Debug|x64
		{10790F49-6887-AAB6-2D86-BCBD516F8D26}.Release|Win32.ActiveCfg = Release|Win32
		{10790F49-6887-AAB6-2D86-BCBD516F8D26}.Release|Win32.Build.0 = Release|Win32
		{10790F49-6887-AAB6-2D86-BCBD516F8D26}.Release|x64.ActiveCfg = Release|x64
		{10790F49-6887-AAB6-2D86-BCBD516F8D26}.Release|x64.Build.0 = Release|x64
		{689E28CF-89ED-BA38-3A14-78A75D891D46}.Debug|Win32.ActiveCfg = Debug|Win32
		{689E28CF-89ED-BA38-3A14-78A75D891D46}.Debug|Win32.Build.0 = Debug|Win32
		{689E28CF-89ED-BA38-3A14-78A75D891D46}.Debug|x64.ActiveCfg = Debug|x64
		{689E28CF-89ED-BA38-3A14-78A75D891D46}.Debug|x64.Build.0 = Debug|x64
		{689E28CF-89ED-BA38-3A14-78A75D891D46}.Release|Win32.ActiveCfg = Release|Win32
		{689E28CF-89ED-BA38-3A14-78A75D891D46}.Release|Win32.Build.0 = Release|Win32
		{689E28CF-89ED-BA38-3A14-78A75D891D46}.Release|x64.ActiveCfg = Release|x64
		{689E28CF-89ED-BA38-3A14-78A75D891D46}.Release|x64.Build.0 = Release|x64
		{DCD3A1B6-5EC1-8266-93EF-BD2B9BEFE12D}.Debug|Win32.ActiveCfg = Debug|Win32
		{DCD3A1B6-5EC1-8266-93EF-BD2B9BEFE12D}.Debug|Win32.Build.0 = Debug|Win32
		{DCD3A1B6-5EC1-8266-93EF-BD2B9BEFE12D}.Debug|x64.ActiveCfg = Debug|x64
		{DCD3A1B6-5EC1-8266-93EF-BD2B9BEFE12D}.Debug|x64.Build.0 = Debug|x64
		{DCD3A1B6-5EC1-8266-93EF-BD2B9BEFE12D}.Release|Win32.ActiveCfg = Release|Win32
		{DCD3A1B6-5EC1-8266-93EF-BD2B9BEFE12D}.Release|Win32.Build.0 = Release|Win32
		{DCD3A1B6-5EC1-8266-93EF-BD2B9BEFE12D}.Release|x64.ActiveCfg = Release|x64
		{DCD3A1B6-5EC1-8266-93EF-BD2B9BEFE12D}.Release|x64.Build.0 = Release|x64
		{95C50864-854C-2A11-4C91-BCE654E344FB}.Debug|Win32.ActiveCfg = Debug|Win32
		{95C50864-854C-2A11-4C91-BCE654E344FB}.Debug|Win32.Build.0 = Debug|Win32
		{95C50864-854C-2A11-4C91-BCE654E344FB}.Debug|x64.ActiveCfg = Debug|x64
		{95C50864-854C-2A11-4C91-BCE654E344FB}.Debug|x64.Build.0 = Debug|x64
		{95C50864-854C-2A11-4C91-BCE654E344FB}.Release|Win32.ActiveCfg = Release|Win32
		{95C50864-854C-2A11-4C91-BCE654E344FB}.Release|Win32.Build.0 = Release|Win32
		{95C50864-854C-2A11-4C91-BCE654E344FB}.Release|x64.ActiveCfg = Release|x64
		{95C50864-854C-2A11-4C91-BCE654E344FB}.Release|x64.Build.0 = Release|x64
		{FE7AB78F-DBF1-0721-3522-0D7C3011D2E5}.Debug|Win32.ActiveCfg = Debug|Win32
		{FE7AB78F-DBF1-0721-3522-0D7C3011D2E5}.Debug|Win32.Build.0 = Debug|Win32
		{FE7AB78F-DBF1-0721-3522-0D7C3011D2E5}.Debug|x64.ActiveCfg = Debug|x64
		{FE7AB78F-DBF1-0721-3522-0D7C3011D2E5}.Debug|x64.Build.0 = Debug|x64
		{FE7AB78F-DBF1-0721-3522-0D7C3011D2E5}.Release|Win32.ActiveCfg = Release|Win32
		{FE7AB78F-DBF1-0721-3522-0D7C3011D2E5}.Release|Win32.Build.0 = Release|Win32
		{FE7AB78F-DBF1-0721-3522-0D7C3011D2E5}.Release|x64.ActiveCfg = Release|x64
		{FE7AB78F-DBF1-0721-3522-0D7C3011D2E5}.Release|x64.Build.0 = Release|x64
		{BFE89EAA-D98B-34E1-C5A4-4080F6FFE317}.Debug|Win32.ActiveCfg = Debug|Win32
		{BFE89EAA-D98B-34E1-C5A4-4080F6FFE317}.Debug|Win32.Build.0 = Debug|Win32
		{BFE89EAA-D98B-34E1-C5A4-4080F6FFE317}.Debug|x64.ActiveCfg = Debug|x64
		{BFE89EAA-D98B-34E1-C5A4-4080F6FFE317}.Debug|x64.Build.0 = Debug|x64
		{BFE89EAA-D98B-34E1-C5A4-4080F6FFE317}.Release|Win32.ActiveCfg = Release|Win32
		{BFE89EAA-D98B-34E1-C5A4-4080F6FFE317}.Release|Win32.Build.0 = Release|Win32
		{BFE89EAA-D98B-34E1-C5A4-4080F6FFE317}.Release|x64.ActiveCfg = Release|x64
		{BFE89EAA-D98B-34E1-C5A4-4080F6FFE317}.Release|x64.Build.0 = Release|x64
		{487A2F80-3CA3-678D-88D5-82194872CF08}.Debug|Win32.ActiveCfg = Debug|Win32
		{487A2F80-3CA3-678D-88D5-82194872CF08}.Debug|Win32.Build.0 = Debug|Win32
		{487A2F80-3CA3-678D-88D5-82194872CF08}.Debug|x64.ActiveCfg = Debug|x64
		{487A2F80-3CA3-678D-88D5-82194872CF08}.Debug|x64.Build.0 = Debug|x64
		{487A2F80-3CA3-678D-88D5-82194872CF08}.Release|Win32.ActiveCfg = Release|Win32
		{487A2F80-3CA3-678D-88D5-82194872CF08}.Release|Win32.Build.0 = Release|Win32
		{487A2F80-3CA3-678D-88D5-82194872CF08}.Release|x64.ActiveCfg = Release|x64
		{487A2F80-3CA3-678D-88D5-82194872CF08}.Release|x64.Build.0 = Release|x64
		{4E590E9D-E28F-87FF-385B-D58736388231}.Debug|Win32.ActiveCfg = Debug|Win32
		{4E590E9D-E28F-87FF-385B-D58736388231}.Debug|Win32.Build.0 = Debug|Win32
		{4E590E9D-E28F-87FF-385B-D58736388231}.Debug|x64.ActiveCfg = Debug|x64
		{4E590E9D-E28F-87FF-385B-D58736388231}.Debug|x64.Build.0 = Debug|x64
		{4E590E9D-E28F-87FF-385B-D58736388231}.Release|Win32.ActiveCfg = Release|Win32
		{4E590E9D-E28F-87FF-385B-D58736388231}.Release|Win32.Build.0 = Release|Win32
		{4E590E9D-E28F-87FF-385B-D58736388231}.Release|x64.ActiveCfg = Release|x64
		{4E590E9D-E28F-87FF-385B-D58736388231}.Release|x64.Build.0 = Release|x64
		{E08E0065-896A-7487-DEA5-D3B80B71F975}.Debug|Win32.ActiveCfg = Debug|Win32
		{E08E0065-896A-7487-DEA5-D3B80B71F975}.Debug|Win32.Build.0 = Debug|Win32
		{E08E0065-896A-7487-DEA5-D3B80B71F975}.Debug|x64.ActiveCfg = Debug|x64
		{E08E0065-896A-7487-DEA5-D3B80B71F975}.Debug|x64.Build.0 = Debug|x64
		{E08E0065-896A-7487-DEA5-D3B80B71F975}.Release|Win32.ActiveCfg = Release|Win32
		{E08E0065-896A-7487-DEA5-D3B80B71F975}.Release|Win32.Build.0 = Release|Win32
		{E08E0065-896A-7487-DEA5-D3B80B71F975}.Release|x64.ActiveCfg = Release|x64
		{E08E0065-896A-7487-DEA5-D3B80B71F975}.Release|x64.Build.0 = Release|x64
		{A4DA7463-1047-BDF5-E1B3-5632CB573F41}.Debug|Win32.ActiveCfg = Debug|Win32
		{A4DA7463-1047-BDF5-E1B3-5632CB573F41}.Debug|Win32.Build.0 = Debug|Win32
		{A4DA7463-1047-BDF5-E1B3-5632CB573F41}.Debug|x64.ActiveCfg = Debug|x64
		{A4DA7463-1047-BDF5-E1B3-5632CB573F41}.Debug|x64.Build.0 = Debug|x64
		{A4DA7463-1047-BDF5-E1B3-5632CB573F41}.Release|Win32.ActiveCfg = Release|Win32
		{A4DA7463-1047-BDF5-E1B3-5632CB573F41}.Release|Win32.Build.0 = Release|Win32
		{A4DA7463-1047-BDF5-E1B3-5632CB573F41}.Release|x64.ActiveCfg = Release|x64
		{A4DA7463-1047-BDF5-E1B3-5632CB573F41}.Release|x64.Build.0 = Release|x64
		{918CD402-047D-8467-E11C-E1132053F916}.Debug|Win32.ActiveCfg = Debug|Win32
		{918CD402-047D-8467-E11C-E1132053F916}.Debug|Win32.Build.0 = Debug|Win32
		{918CD402-047D-8467-E11C-E1132053F916}.Debug|x64.ActiveCfg = Debug|x64
		{918CD402-047D-8467-E11C-E1132053F916}.Debug|x64.Build.0 = Debug|x64
		{918CD402-047D-8467-E11C-E1132053F916}.Release|Win32.ActiveCfg = Release|Win32
		{918CD402-047D-8467-E11C-E1132053F916}.Release|Win32.Build.0 = Release|Win32
		{918CD402-047D-8467-E11C-E1132053F916}.Release|x64.ActiveCfg = Release|x64
		{918CD402-047D-8467-E11C-E1132053F916}.Release|x64.Build.0 = Release|x64
		{C4FE29EA-266D-5295-4840-976B9B5B3843}.Debug|Win32.ActiveCfg = Debug|Win32
		{C4FE29EA-266D-5295-4840-976B9B5B3843}.Debug|Win32.Build.0 = Debug|Win32
		{C4FE29EA-266D-5295-4840-976B9B5B3843}.Debug|x64.ActiveCfg = Debug|x64
		{C4FE29EA-266D-5295-4840-976B9B5B3843}.Debug|x64.Build.0 = Debug|x64
		{C4FE29EA-266D-5295-4840-976B9B5B3843}.Release|Win32.ActiveCfg = Release|Win32
		{C4FE29EA-266D-5295-4840-976B9B5B3843}.Release|Win32.Build.0 = Release|Win32
		{C4FE29EA-266D-5295-4840-976B9B5B3843}.Release|x64.ActiveCfg = Release|x64
		{C4FE29EA-266D-5295-4840-976B9B5B3843}.Release|x64.Build.0 = Release|x64
		{7C4863A1-941A-C5AE-E1F9-30F062E4B2FD}.Debug|Win32.ActiveCfg = Debug|Win32
		{7C4863A1-941A-C5AE-E1F9-30F062E4B2FD}.Debug|Win32.Build.0 = Debug|Win32
		{7C4863A1-941A-C5AE-E1F9-30F062E4B2FD}.Debug|x64.ActiveCfg = Debug|x64
		{7C4863A1-941A-C5AE-E1F9-30F062E4B2FD}.Debug|x64.Build.0 = Debug|x64
		{7C4863A1-941A-C5AE-E1F9-30F062E4B2FD}.Release|Win32.ActiveCfg = Release|Win32
		{7C4863A1-941A-C5AE-E1F9-30F062E4B2FD}.Release|Win32.Build.0 = Release|Win32
		{7C4863A1-941A-C5AE-E1F9-30F062E4B2FD}.Release|x64.ActiveCfg = Release|x64
		{7C4863A1-941A-C5AE-E1F9-30F062E4B2FD}.Release|x64.Build.0 = Release|x64
		{DE695064-13C3-18B0-378D-8B22672BF3F4}.Debug|Win32.ActiveCfg = Debug|Win32
		{DE695064-13C3-18B0-378D-8B22672BF3F4}.Debug|Win32.Build.0 = Debug|Win32
		{DE695064-13C3-18B0-378D-8B22672BF3F4}.Debug|x64.ActiveCfg = Debug|x64
		{DE695064-13C3-18B0-378D-8B22672BF3F4}.Debug|x64.Build.0 = Debug|x64
		{DE695064-13C3-18B0-378D-8B22672BF3F4}.Release|Win32.ActiveCfg = Release|Win32
		{DE695064-13C3-18B0-378D-8B22672BF3F4}.Release|Win32.Build.0 = Release|Win32
		{DE695064-13C3-18B0-378D-8B22672BF3F4}.Release|x64.ActiveCfg = Release|x64
		{DE695064-13C3-18B0-378D-8B22672BF3F4}.Release|x64.Build.0 = Release|x64
		{71257802-BBCA-99F5-E9D2-905738F30893}.Debug|Win32.ActiveCfg = Debug|Win32
		{71257802-BBCA-99F5-E9D2-905738F30893}.Debug|Win32.Build.0 = Debug|Win32
		{71257802-BBCA-99F5-E9D2-905738F30893}.Debug|x64.ActiveCfg = Debug|x64
		{71257802-BBCA-99F5-E9D2-905738F30893}.Debug|x64.Build.0 = Debug|x64
		{71257802-BBCA-99F5-E9D2-905738F30893}.Release|Win32.ActiveCfg = Release|Win32
		{71257802-BBCA-99F5-E9D2-905738F30893}.Release|Win32.Build.0 = Release|Win32
		{71257802-BBCA-99F5-E9D2-905738F30893}.Release|x64.ActiveCfg = Release|x64
		{71257802-BBCA-99F5-E9D2-905738F30893}.Release|x64.Build.0 = Release|x64
		{5FCC71F6-FF33-EBCF-FBA2-8FC783D5318E}.Debug|Win32.ActiveCfg = Debug|Win32
		{5FCC71F6-FF33-EBCF-FBA2-8FC783D5318E}.Debug|Win32.Build.0 = Debug|Win32
		{5FCC71F6-FF33-EBCF-FBA2-8FC783D5318E}.Debug|x64.ActiveCfg = Debug|x64
		{5FCC71F6-FF33-EBCF-FBA2-8FC783D5318E}.Debug|x64.Build.0 = Debug|x64
		{5FCC71F6-FF33-EBCF-FBA2-8FC783D5318E}.Release|Win32.ActiveCfg = Release|Win32
		{5FCC71F6-FF33-EBCF-FBA2-8FC783D5318E}.Release|Win32.Build.0 = Release|Win32
		{5FCC71F6-FF33-EBCF-FBA2-8FC783D5318E}.Release|x64.ActiveCfg = Release|x64
		{5FCC71F6-FF33-EBCF-FBA2-8FC783D5318E}.Release|x64.Build.0 = Release|x64
		{3FE0C0E1-D9BA-6A26-380C-F293E543B914}.Debug|Win32.ActiveCfg = Debug|Win32
		{3FE0C0E1-D9BA-6A26-380C-F293E543B914}.Debug|Win32.Build.0 = Debug|Win32
		{3FE0C0E1-D9BA-6A26-380C-F293E543B914}.Debug|x64.ActiveCfg = Debug|x64
		{3FE0C0E1-D9BA-6A26-380C-F293E543B914}.Debug|x64.Build.0 = Debug|x64
		{3FE0C0E1-D9BA-6A26-380C-F293E543B914}.Release|Win32.ActiveCfg = Release|Win32
		{3FE0C0E1-D9BA-6A26-380C-F293E543B914}.Release|Win32.Build.0 = Release|Win32
		{3FE0C0E1-D9BA-6A26-380C-F293E543B914}.Release|x64.ActiveCfg = Release|x64
		{3FE0C0E1-D9BA-6A26-380C-F293E543B914}.Release|x64.Build.0 = Release|x64
		{90EFD9A4-C6B0-3EE8-1F06-0A0E0D55AEDA}.Debug|Win32.ActiveCfg = Debug|Win32
		{90EFD9A4-C6B0-3EE8-1F06-0A0E0D55AEDA}.Debug|Win32.Build.0 = Debug|Win32
		{90EFD9A4-C6B0-3EE8-1F06-0A0E0D55AEDA}.Debug|x64.ActiveCfg = Debug|x64
		{90EFD9A4-C6B0-3EE8-1F06-0A0E0D55AEDA}.Debug|x64.Build.0 = Debug|x64
		{90EFD9A4-C6B0-3EE8-1F06-0A0E0D55AEDA}.Release|Win32.ActiveCfg = Release|Win32
		{90EFD9A4-C6B0-3EE8-1F06-0A0E0D55AEDA}.Release|Win32.Build.0 = Release|Win32
		{90EFD9A4-C6B0-3EE8-1F06-0A0E0D55AEDA}.Release|x64.ActiveCfg = Release|x64
		{90EFD9A4-C6B0-3EE8-1F06-0A0E0D55AEDA}.Release|x64.Build.0 = Release|x64
		{7DBC5F77-3DA1-5F73-8421-E693D95FC66A}.Debug|Win32.ActiveCfg = Debug|Win32
		{7DBC5F77-3DA1-5F73-8421-E693D95FC66A}.Debug|Win32.Build.0 = Debug|Win32
		{7DBC5F77-3DA1-5F73-8421-E693D95FC66A}.Debug|x64.ActiveCfg = Debug|x64
		{7DBC5F77-3DA1-5F73-8421-E693D95FC66A}.Debug|x64.Build.0 = Debug|x64
		{7DBC5F77-3DA1-5F73-8421-E693D95FC66A}.Release|Win32.ActiveCfg = Release|Win32
		{7DBC5F77-3DA1-5F73-8421-E693D95FC66A}.Release|Win32.Build.0 = Release|Win32
		{7DBC5F77-3DA1-5F73-8421-E693D95FC66A}.Release|x64.ActiveCfg = Release|x64
		{7DBC5F77-3DA1-5F73-8421-E693D95FC66A}.Release|x64.Build.0 = Release|x64
		{7E2C80FE-3CC3-82B4-0CAD-65DC233DE13A}.Debug|Win32.ActiveCfg = Debug|Win32
		{7E2C80FE-3CC3-82B4-0CAD-65DC233DE13A}.Debug|Win32.Build.0 = Debug|Win32
		{7E2C80FE-3CC3-82B4-0CAD-65DC233DE13A}.Debug|x64.ActiveCfg = Debug|x64
		{7E2C80FE-3CC3-82B4-0CAD-65DC233DE13A}.Debug|x64.Build.0 = Debug|x64
		{7E2C80FE-3CC3-82B4-0CAD-65DC233DE13A}.Release|Win32.ActiveCfg = Release|Win32
		{7E2C80FE-3CC3-82B4-0CAD-65DC233DE13A}.Release|Win32.Build.0 = Release|Win32
		{7E2C80FE-3CC3-82B4-0CAD-65DC233DE13A}.Release|x64.ActiveCfg = Release|x64
		{7E2C80FE-3CC3-82B4-0CAD-65DC233DE13A}.Release|x64.Build.0 = Release|x64
		{10C01E94-4926-063E-9F56-C84ED190D349}.Debug|Win32.ActiveCfg = Debug|Win32
		{10C01E94-4926-063E-9F56-C84ED190D349}.Debug|Win32.Build.0 = Debug|Win32
		{10C01E94-4926-063E-9F56-C84ED190D349}.Debug|x64.ActiveCfg = Debug|x64
		{10C01E94-4926-063E-9F56-C84ED190D349}.Debug|x64.Build.0 = Debug|x64
		{10C01E94-4926-063E-9F56-C84ED190D349}.Release|Win32.ActiveCfg = Release|Win32
		{10C01E94-4926-063E-9F56-C84ED190D349}.Release|Win32.Build.0 = Release|Win32
		{10C01E94-4926-063E-9F56-C84ED190D349}.Release|x64.ActiveCfg = Release|x64
		{10C01E94-4926-063E-9F56-C84ED190D349}.Release|x64.Build.0 = Release|x64
		{D6F58AF2-9D80-562A-E2B0-F743281522B9}.Debug|Win32.ActiveCfg = Debug|Win32
		{D6F58AF2-9D80-562A-E2B0-F743281522B9}.Debug|Win32.Build.0 = Debug|Win32
		{D6F58AF2-9D80-562A-E2B0-F743281522B9}.Debug|x64.ActiveCfg = Debug|x64
		{D6F58AF2-9D80-562A-E2B0-F743281522B9}.Debug|x64.Build.0 = Debug|x64
		{D6F58AF2-9D80-562A-E2B0-F743281522B9}.Release|Win32.ActiveCfg = Release|Win32
		{D6F58AF2-9D80-562A-E2B0-F743281522B9}.Release|Win32.Build.0 = Release|Win32
		{D6F58AF2-9D80-562A-E2B0-F743281522B9}.Release|x64.ActiveCfg = Release|x64
		{D6F58AF2-9D80-562A-E2B0-F743281522B9}.Release|x64.Build.0 = Release|x64
		{D3C6FBD6-D78E-7180-8345-5E09B492DBEC}.Debug|Win32.ActiveCfg = Debug|Win32
		{D3C6FBD6-D78E-7180-8345-5E09B492DBEC}.Debug|Win32.Build.0 = Debug|Win32
		{D3C6FBD6-D78E-7180-8345-5E09B492DBEC}.Debug|x64.ActiveCfg = Debug|x64
		{D3C6FBD6-D78E-7180-8345-5E09B492DBEC}.Debug|x64.Build.0 = Debug|x64
		{D3C6FBD6-D78E-7180-8345-5E09B492DBEC}.Release|Win32.ActiveCfg = Release|Win32
		{D3C6FBD6-D78E-7180-8345-5E09B492DBEC}.Release|Win32.Build.0 = Release|Win32
		{D3C6FBD6-D78E-7180-8345-5E09B492DBEC}.Release|x64.ActiveCfg = Release|x64
		{D3C6FBD6-D78E-7180-8345-5E09B492DBEC}.Release|x64.Build.0 = Release|x64
		{23EF735C-CC4C-3EC4-A75E-903DB340F04A}.Debug|Win32.ActiveCfg = Debug|Win32
		{23EF735C-CC4C-3EC4-A75E-903DB340F04A}.Debug|Win32.Build.0 = Debug|Win32
		{23EF735C-CC4C-3EC4-A75E-903DB340F04A}.Debug|x64.ActiveCfg = Debug|x64
		{23EF735C-CC4C-3EC4-A75E-903DB340F04A}.Debug|x64.Build.0 = Debug|x64
		{23EF735C-CC4C-3EC4-A75E-903DB340F04A}.Release|Win32.ActiveCfg = Release|Win32
		{23EF735C-CC4C-3EC4-A75E-903DB340F04A}.Release|Win32.Build.0 = Release|Win32
		{23EF735C-CC4C-3EC4-A75E-903DB340F04A}.Release|x64.ActiveCfg = Release|x64
		{23EF735C-CC4C-3EC4-A75E-903DB340F04A}.Release|x64.Build.0 = Release|x64
		{D4D691D4-137C-CBFA-735B-D46636D7E4D8}.Debug|Win32.ActiveCfg = Debug|Win32
		{D4D691D4-137C-CBFA-735B-D46636D7E4D8}.Debug|Win32.Build.0 = Debug|Win32
		{D4D691D4-137C-CBFA-735B-D46636D7E4D8}.Debug|x64.ActiveCfg = Debug|x64
		{D4D691D4-137C-CBFA-735B-D46636D7E4D8}.Debug|x64.Build.0 = Debug|x64
		{D4D691D4-137C-CBFA-735B-D46636D7E4D8}.Release|Win32.ActiveCfg = Release|Win32
		{D4D691D4-137C-CBFA-735B-D46636D7E4D8}.Release|Win32.Build.0 = Release|Win32
		{D4D691D4-137C-CBFA-735B-D46636D7E4D8}.Release|x64.ActiveCfg = Release|x64
		{D4D691D4-137C-CBFA-735B-D46636D7E4D8}.Release|x64.Build.0 = Release|x64
		{DB904B85-AD31-B7FB-114F-88760CC485F2}.Debug|Win32.ActiveCfg = Debug|Win32
		{DB904B85-AD31-B7FB-114F-88760CC485F2}.Debug|Win32.Build.0 = Debug|Win32
		{DB904B85-AD31-B7FB-114F-88760CC485F2}.Debug|x64.ActiveCfg = Debug|x64
		{DB904B85-AD31-B7FB-114F-88760CC485F2}.Debug|x64.Build.0 = Debug|x64
		{DB904B85-AD31-B7FB-114F-88760CC485F2}.Release|Win32.ActiveCfg = Release|Win32
		{DB904B85-AD31-B7FB-114F-88760CC485F2}.Release|Win32.Build.0 = Release|Win32
		{DB904B85-AD31-B7FB-114F-88760CC485F2}.Release|x64.ActiveCfg = Release|x64
		{DB904B85-AD31-B7FB-114F-88760CC485F2}.Release|x64.Build.0 = Release|x64
		{C9E2AB15-8AEF-DD48-60C3-557ECC5215BE}.Debug|Win32.ActiveCfg = Debug|Win32
		{C9E2AB15-8AEF-DD48-60C3-557ECC5215BE}.Debug|Win32.Build.0 = Debug|Win32
		{C9E2AB15-8AEF-DD48-60C3-557ECC5215BE}.Debug|x64.ActiveCfg = Debug|x64
		{C9E2AB15-8AEF-DD48-60C3-557ECC5215BE}.Debug|x64.Build.0 = Debug|x64
		{C9E2AB15-8AEF-DD48-60C3-557ECC5215BE}.Release|Win32.ActiveCfg = Release|Win32
		{C9E2AB15-8AEF-DD48-60C3-557ECC5215BE}.Release|Win32.Build.0 = Release|Win32
		{C9E2AB15-8AEF-DD48-60C3-557ECC5215BE}.Release|x64.ActiveCfg = Release|x64
		{C9E2AB15-8AEF-DD48-60C3-557ECC5215BE}.Release|x64.Build.0 = Release|x64
		{35E52E46-3BA9-4361-41D3-53663C2E9B8A}.Debug|Win32.ActiveCfg = Debug|Win32
		{35E52E46-3BA9-4361-41D3-53663C2E9B8A}.Debug|Win32.Build.0 = Debug|Win32
		{35E52E46-3BA9-4361-41D3-53663C2E9B8A}.Debug|x64.ActiveCfg = Debug|x64
		{35E52E46-3BA9-4361-41D3-53663C2E9B8A}.Debug|x64.Build.0 = Debug|x64
		{35E52E46-3BA9-4361-41D3-53663C2E9B8A}.Release|Win32.ActiveCfg = Release|Win32
		{35E52E46-3BA9-4361-41D3-53663C2E9B8A}.Release|Win32.Build.0 = Release|Win32
		{35E52E46-3BA9-4361-41D3-53663C2E9B8A}.Release|x64.ActiveCfg = Release|x64
		{35E52E46-3BA9-4361-41D3-53663C2E9B8A}.Release|x64.Build.0 = Release|x64
		{486B1375-5CFA-C2D2-DD89-C9F497BADCB3}.Debug|Win32.ActiveCfg = Debug|Win32
		{486B1375-5CFA-C2D2-DD89-C9F497BADCB3}.Debug|Win32.Build.0 = Debug|Win32
		{486B1375-5CFA-C2D2-DD89-C9F497BADCB3}.Debug|x64.ActiveCfg = Debug|x64
		{486B1375-5CFA-C2D2-DD89-C9F497BADCB3}.Debug|x64.Build.0 = Debug|x64
		{486B1375-5CFA-C2D2-DD89-C9F497BADCB3}.Release|Win32.ActiveCfg = Release|Win32
		{486B1375-5CFA-C2D2-DD89-C9F497BADCB3}.Release|Win32.Build.0 = Release|Win32
		{486B1375-5CFA-C2D2-DD89-C9F497BADCB3}.Release|x64.ActiveCfg = Release|x64
		{486B1375-5CFA-C2D2-DD89-C9F497BADCB3}.Release|x64.Build.0 = Release|x64
	EndGlobalSection
	GlobalSection(SolutionProperties) = preSolution
		HideSolutionNode = FALSE
	EndGlobalSection
EndGlobal
